
Microsoft Visual Studio Solution File, Format Version 12.00
# Visual Studio Version 17
VisualStudioVersion = 17.14.36327.8
MinimumVisualStudioVersion = 10.0.40219.1
Project("{FAE04EC0-301F-11D3-BF4B-00C04F79EFBC}") = "Azunt.DepartmentManagement", "Azunt.DepartmentManagement\Azunt.DepartmentManagement.csproj", "{C95196E8-1DF5-462B-93F5-D3FD5595B631}"
EndProject
Project("{00D1A9C2-B5F0-4AF3-8072-F6C62B433612}") = "Azunt.SqlServer", "Azunt.SqlServer\Azunt.SqlServer.sqlproj", "{D73BB37E-3433-427D-A455-1F4B266C1DA7}"
EndProject
Project("{FAE04EC0-301F-11D3-BF4B-00C04F79EFBC}") = "Azunt.Web", "Azunt.Web\Azunt.Web.csproj", "{C9EA0E2F-631B-4D0E-A1DB-DDF0B1CCDE18}"
EndProject
Global
	GlobalSection(SolutionConfigurationPlatforms) = preSolution
		Debug|Any CPU = Debug|Any CPU
		Release|Any CPU = Release|Any CPU
	EndGlobalSection
	GlobalSection(ProjectConfigurationPlatforms) = postSolution
		{C95196E8-1DF5-462B-93F5-D3FD5595B631}.Debug|Any CPU.ActiveCfg = Debug|Any CPU
		{C95196E8-1DF5-462B-93F5-D3FD5595B631}.Debug|Any CPU.Build.0 = Debug|Any CPU
		{C95196E8-1DF5-462B-93F5-D3FD5595B631}.Release|Any CPU.ActiveCfg = Release|Any CPU
		{C95196E8-1DF5-462B-93F5-D3FD5595B631}.Release|Any CPU.Build.0 = Release|Any CPU
		{D73BB37E-3433-427D-A455-1F4B266C1DA7}.Debug|Any CPU.ActiveCfg = Debug|Any CPU
		{D73BB37E-3433-427D-A455-1F4B266C1DA7}.Debug|Any CPU.Build.0 = Debug|Any CPU
		{D73BB37E-3433-427D-A455-1F4B266C1DA7}.Debug|Any CPU.Deploy.0 = Debug|Any CPU
		{D73BB37E-3433-427D-A455-1F4B266C1DA7}.Release|Any CPU.ActiveCfg = Release|Any CPU
		{D73BB37E-3433-427D-A455-1F4B266C1DA7}.Release|Any CPU.Build.0 = Release|Any CPU
		{D73BB37E-3433-427D-A455-1F4B266C1DA7}.Release|Any CPU.Deploy.0 = Release|Any CPU
		{C9EA0E2F-631B-4D0E-A1DB-DDF0B1CCDE18}.Debug|Any CPU.ActiveCfg = Debug|Any CPU
		{C9EA0E2F-631B-4D0E-A1DB-DDF0B1CCDE18}.Debug|Any CPU.Build.0 = Debug|Any CPU
		{C9EA0E2F-631B-4D0E-A1DB-DDF0B1CCDE18}.Release|Any CPU.ActiveCfg = Release|Any CPU
		{C9EA0E2F-631B-4D0E-A1DB-DDF0B1CCDE18}.Release|Any CPU.Build.0 = Release|Any CPU
	EndGlobalSection
	GlobalSection(SolutionProperties) = preSolution
		HideSolutionNode = FALSE
	EndGlobalSection
	GlobalSection(ExtensibilityGlobals) = postSolution
		SolutionGuid = {2EB4A7FC-A6EA-44BE-805F-357B619E73EE}
	EndGlobalSection
EndGlobal
